
Microsoft Visual Studio Solution File, Format Version 12.00
# Visual Studio 15
VisualStudioVersion = 15.0.27130.2020
MinimumVisualStudioVersion = 10.0.40219.1
Project("{FAE04EC0-301F-11D3-BF4B-00C04F79EFBC}") = "MathQuiz", "MathQuiz\MathQuiz.csproj", "{9C52938B-ED9A-4460-B9C8-1A8AB9674E24}"
EndProject
Global
	GlobalSection(SolutionConfigurationPlatforms) = preSolution
		Debug|Any CPU = Debug|Any CPU
		Release|Any CPU = Release|Any CPU
	EndGlobalSection
	GlobalSection(ProjectConfigurationPlatforms) = postSolution
		{9C52938B-ED9A-4460-B9C8-1A8AB9674E24}.Debug|Any CPU.ActiveCfg = Debug|Any CPU
		{9C52938B-ED9A-4460-B9C8-1A8AB9674E24}.Debug|Any CPU.Build.0 = Debug|Any CPU
		{9C52938B-ED9A-4460-B9C8-1A8AB9674E24}.Release|Any CPU.ActiveCfg = Release|Any CPU
		{9C52938B-ED9A-4460-B9C8-1A8AB9674E24}.Release|Any CPU.Build.0 = Release|Any CPU
	EndGlobalSection
	GlobalSection(SolutionProperties) = preSolution
		HideSolutionNode = FALSE
	EndGlobalSection
	GlobalSection(ExtensibilityGlobals) = postSolution
		SolutionGuid = {BC833FF4-4EEC-4D25-B348-7C0A2FA51504}
	EndGlobalSection
EndGlobal
